// !$*UTF8*$!
{
	archiveVersion = 1;
	classes = {
	};
	objectVersion = 77;
	objects = {

/* Begin PBXContainerItemProxy section */
		93AAD8592CB264CF00F7F5FB /* PBXContainerItemProxy */ = {
			isa = PBXContainerItemProxy;
			containerPortal = 93AAD8402CB264CD00F7F5FB /* Project object */;
			proxyType = 1;
			remoteGlobalIDString = 93AAD8472CB264CD00F7F5FB;
			remoteInfo = Brewers;
		};
		93AAD8632CB264CF00F7F5FB /* PBXContainerItemProxy */ = {
			isa = PBXContainerItemProxy;
			containerPortal = 93AAD8402CB264CD00F7F5FB /* Project object */;
			proxyType = 1;
			remoteGlobalIDString = 93AAD8472CB264CD00F7F5FB;
			remoteInfo = Brewers;
		};
/* End PBXContainerItemProxy section */

/* Begin PBXFileReference section */
		93AAD8482CB264CD00F7F5FB /* Brewers.app */ = {isa = PBXFileReference; explicitFileType = wrapper.application; includeInIndex = 0; path = Brewers.app; sourceTree = BUILT_PRODUCTS_DIR; };
		93AAD8582CB264CF00F7F5FB /* BrewersTests.xctest */ = {isa = PBXFileReference; explicitFileType = wrapper.cfbundle; includeInIndex = 0; path = BrewersTests.xctest; sourceTree = BUILT_PRODUCTS_DIR; };
		93AAD8622CB264CF00F7F5FB /* BrewersUITests.xctest */ = {isa = PBXFileReference; explicitFileType = wrapper.cfbundle; includeInIndex = 0; path = BrewersUITests.xctest; sourceTree = BUILT_PRODUCTS_DIR; };
/* End PBXFileReference section */

/* Begin PBXFileSystemSynchronizedRootGroup section */
		93AAD84A2CB264CD00F7F5FB /* Brewers */ = {
			isa = PBXFileSystemSynchronizedRootGroup;
			path = Brewers;
			sourceTree = "<group>";
		};
		93AAD85B2CB264CF00F7F5FB /* BrewersTests */ = {
			isa = PBXFileSystemSynchronizedRootGroup;
			path = BrewersTests;
			sourceTree = "<group>";
		};
		93AAD8652CB264CF00F7F5FB /* BrewersUITests */ = {
			isa = PBXFileSystemSynchronizedRootGroup;
			path = BrewersUITests;
			sourceTree = "<group>";
		};
/* End PBXFileSystemSynchronizedRootGroup section */

/* Begin PBXFrameworksBuildPhase section */
		93AAD8452CB264CD00F7F5FB /* Frameworks */ = {
			isa = PBXFrameworksBuildPhase;
			buildActionMask = 2147483647;
			files = (
			);
			runOnlyForDeploymentPostprocessing = 0;
		};
		93AAD8552CB264CF00F7F5FB /* Frameworks */ = {
			isa = PBXFrameworksBuildPhase;
			buildActionMask = 2147483647;
			files = (
			);
			runOnlyForDeploymentPostprocessing = 0;
		};
		93AAD85F2CB264CF00F7F5FB /* Frameworks */ = {
			isa = PBXFrameworksBuildPhase;
			buildActionMask = 2147483647;
			files = (
			);
			runOnlyForDeploymentPostprocessing = 0;
		};
/* End PBXFrameworksBuildPhase section */

/* Begin PBXGroup section */
		93AAD83F2CB264CD00F7F5FB = {
			isa = PBXGroup;
			children = (
				93AAD84A2CB264CD00F7F5FB /* Brewers */,
				93AAD85B2CB264CF00F7F5FB /* BrewersTests */,
				93AAD8652CB264CF00F7F5FB /* BrewersUITests */,
				93AAD8492CB264CD00F7F5FB /* Products */,
			);
			sourceTree = "<group>";
		};
		93AAD8492CB264CD00F7F5FB /* Products */ = {
			isa = PBXGroup;
			children = (
				93AAD8482CB264CD00F7F5FB /* Brewers.app */,
				93AAD8582CB264CF00F7F5FB /* BrewersTests.xctest */,
				93AAD8622CB264CF00F7F5FB /* BrewersUITests.xctest */,
			);
			name = Products;
			sourceTree = "<group>";
		};
/* End PBXGroup section */

/* Begin PBXNativeTarget section */
		93AAD8472CB264CD00F7F5FB /* Brewers */ = {
			isa = PBXNativeTarget;
			buildConfigurationList = 93AAD86C2CB264CF00F7F5FB /* Build configuration list for PBXNativeTarget "Brewers" */;
			buildPhases = (
				93AAD8442CB264CD00F7F5FB /* Sources */,
				93AAD8452CB264CD00F7F5FB /* Frameworks */,
				93AAD8462CB264CD00F7F5FB /* Resources */,
			);
			buildRules = (
			);
			dependencies = (
			);
			fileSystemSynchronizedGroups = (
				93AAD84A2CB264CD00F7F5FB /* Brewers */,
			);
			name = Brewers;
			packageProductDependencies = (
			);
			productName = Brewers;
			productReference = 93AAD8482CB264CD00F7F5FB /* Brewers.app */;
			productType = "com.apple.product-type.application";
		};
		93AAD8572CB264CF00F7F5FB /* BrewersTests */ = {
			isa = PBXNativeTarget;
			buildConfigurationList = 93AAD86F2CB264CF00F7F5FB /* Build configuration list for PBXNativeTarget "BrewersTests" */;
			buildPhases = (
				93AAD8542CB264CF00F7F5FB /* Sources */,
				93AAD8552CB264CF00F7F5FB /* Frameworks */,
				93AAD8562CB264CF00F7F5FB /* Resources */,
			);
			buildRules = (
			);
			dependencies = (
				93AAD85A2CB264CF00F7F5FB /* PBXTargetDependency */,
			);
			fileSystemSynchronizedGroups = (
				93AAD85B2CB264CF00F7F5FB /* BrewersTests */,
			);
			name = BrewersTests;
			packageProductDependencies = (
			);
			productName = BrewersTests;
			productReference = 93AAD8582CB264CF00F7F5FB /* BrewersTests.xctest */;
			productType = "com.apple.product-type.bundle.unit-test";
		};
		93AAD8612CB264CF00F7F5FB /* BrewersUITests */ = {
			isa = PBXNativeTarget;
			buildConfigurationList = 93AAD8722CB264CF00F7F5FB /* Build configuration list for PBXNativeTarget "BrewersUITests" */;
			buildPhases = (
				93AAD85E2CB264CF00F7F5FB /* Sources */,
				93AAD85F2CB264CF00F7F5FB /* Frameworks */,
				93AAD8602CB264CF00F7F5FB /* Resources */,
			);
			buildRules = (
			);
			dependencies = (
				93AAD8642CB264CF00F7F5FB /* PBXTargetDependency */,
			);
			fileSystemSynchronizedGroups = (
				93AAD8652CB264CF00F7F5FB /* BrewersUITests */,
			);
			name = BrewersUITests;
			packageProductDependencies = (
			);
			productName = BrewersUITests;
			productReference = 93AAD8622CB264CF00F7F5FB /* BrewersUITests.xctest */;
			productType = "com.apple.product-type.bundle.ui-testing";
		};
/* End PBXNativeTarget section */

/* Begin PBXProject section */
		93AAD8402CB264CD00F7F5FB /* Project object */ = {
			isa = PBXProject;
			attributes = {
				BuildIndependentTargetsInParallel = 1;
				LastSwiftUpdateCheck = 1600;
				LastUpgradeCheck = 1600;
				TargetAttributes = {
					93AAD8472CB264CD00F7F5FB = {
						CreatedOnToolsVersion = 16.0;
					};
					93AAD8572CB264CF00F7F5FB = {
						CreatedOnToolsVersion = 16.0;
						TestTargetID = 93AAD8472CB264CD00F7F5FB;
					};
					93AAD8612CB264CF00F7F5FB = {
						CreatedOnToolsVersion = 16.0;
						TestTargetID = 93AAD8472CB264CD00F7F5FB;
					};
				};
			};
			buildConfigurationList = 93AAD8432CB264CD00F7F5FB /* Build configuration list for PBXProject "Brewers" */;
			developmentRegion = en;
			hasScannedForEncodings = 0;
			knownRegions = (
				en,
				Base,
			);
			mainGroup = 93AAD83F2CB264CD00F7F5FB;
			minimizedProjectReferenceProxies = 1;
			preferredProjectObjectVersion = 77;
			productRefGroup = 93AAD8492CB264CD00F7F5FB /* Products */;
			projectDirPath = "";
			projectRoot = "";
			targets = (
				93AAD8472CB264CD00F7F5FB /* Brewers */,
				93AAD8572CB264CF00F7F5FB /* BrewersTests */,
				93AAD8612CB264CF00F7F5FB /* BrewersUITests */,
			);
		};
/* End PBXProject section */

/* Begin PBXResourcesBuildPhase section */
		93AAD8462CB264CD00F7F5FB /* Resources */ = {
			isa = PBXResourcesBuildPhase;
			buildActionMask = 2147483647;
			files = (
			);
			runOnlyForDeploymentPostprocessing = 0;
		};
		93AAD8562CB264CF00F7F5FB /* Resources */ = {
			isa = PBXResourcesBuildPhase;
			buildActionMask = 2147483647;
			files = (
			);
			runOnlyForDeploymentPostprocessing = 0;
		};
		93AAD8602CB264CF00F7F5FB /* Resources */ = {
			isa = PBXResourcesBuildPhase;
			buildActionMask = 2147483647;
			files = (
			);
			runOnlyForDeploymentPostprocessing = 0;
		};
/* End PBXResourcesBuildPhase section */

/* Begin PBXSourcesBuildPhase section */
		93AAD8442CB264CD00F7F5FB /* Sources */ = {
			isa = PBXSourcesBuildPhase;
			buildActionMask = 2147483647;
			files = (
			);
			runOnlyForDeploymentPostprocessing = 0;
		};
		93AAD8542CB264CF00F7F5FB /* Sources */ = {
			isa = PBXSourcesBuildPhase;
			buildActionMask = 2147483647;
			files = (
			);
			runOnlyForDeploymentPostprocessing = 0;
		};
		93AAD85E2CB264CF00F7F5FB /* Sources */ = {
			isa = PBXSourcesBuildPhase;
			buildActionMask = 2147483647;
			files = (
			);
			runOnlyForDeploymentPostprocessing = 0;
		};
/* End PBXSourcesBuildPhase section */

/* Begin PBXTargetDependency section */
		93AAD85A2CB264CF00F7F5FB /* PBXTargetDependency */ = {
			isa = PBXTargetDependency;
			target = 93AAD8472CB264CD00F7F5FB /* Brewers */;
			targetProxy = 93AAD8592CB264CF00F7F5FB /* PBXContainerItemProxy */;
		};
		93AAD8642CB264CF00F7F5FB /* PBXTargetDependency */ = {
			isa = PBXTargetDependency;
			target = 93AAD8472CB264CD00F7F5FB /* Brewers */;
			targetProxy = 93AAD8632CB264CF00F7F5FB /* PBXContainerItemProxy */;
		};
/* End PBXTargetDependency section */

/* Begin XCBuildConfiguration section */
		93AAD86A2CB264CF00F7F5FB /* Debug */ = {
			isa = XCBuildConfiguration;
			buildSettings = {
				ALWAYS_SEARCH_USER_PATHS = NO;
				ASSETCATALOG_COMPILER_GENERATE_SWIFT_ASSET_SYMBOL_EXTENSIONS = YES;
				CLANG_ANALYZER_NONNULL = YES;
				CLANG_ANALYZER_NUMBER_OBJECT_CONVERSION = YES_AGGRESSIVE;
				CLANG_CXX_LANGUAGE_STANDARD = "gnu++20";
				CLANG_ENABLE_MODULES = YES;
				CLANG_ENABLE_OBJC_ARC = YES;
				CLANG_ENABLE_OBJC_WEAK = YES;
				CLANG_WARN_BLOCK_CAPTURE_AUTORELEASING = YES;
				CLANG_WARN_BOOL_CONVERSION = YES;
				CLANG_WARN_COMMA = YES;
				CLANG_WARN_CONSTANT_CONVERSION = YES;
				CLANG_WARN_DEPRECATED_OBJC_IMPLEMENTATIONS = YES;
				CLANG_WARN_DIRECT_OBJC_ISA_USAGE = YES_ERROR;
				CLANG_WARN_DOCUMENTATION_COMMENTS = YES;
				CLANG_WARN_EMPTY_BODY = YES;
				CLANG_WARN_ENUM_CONVERSION = YES;
				CLANG_WARN_INFINITE_RECURSION = YES;
				CLANG_WARN_INT_CONVERSION = YES;
				CLANG_WARN_NON_LITERAL_NULL_CONVERSION = YES;
				CLANG_WARN_OBJC_IMPLICIT_RETAIN_SELF = YES;
				CLANG_WARN_OBJC_LITERAL_CONVERSION = YES;
				CLANG_WARN_OBJC_ROOT_CLASS = YES_ERROR;
				CLANG_WARN_QUOTED_INCLUDE_IN_FRAMEWORK_HEADER = YES;
				CLANG_WARN_RANGE_LOOP_ANALYSIS = YES;
				CLANG_WARN_STRICT_PROTOTYPES = YES;
				CLANG_WARN_SUSPICIOUS_MOVE = YES;
				CLANG_WARN_UNGUARDED_AVAILABILITY = YES_AGGRESSIVE;
				CLANG_WARN_UNREACHABLE_CODE = YES;
				CLANG_WARN__DUPLICATE_METHOD_MATCH = YES;
				COPY_PHASE_STRIP = NO;
				DEBUG_INFORMATION_FORMAT = dwarf;
				ENABLE_STRICT_OBJC_MSGSEND = YES;
				ENABLE_TESTABILITY = YES;
				ENABLE_USER_SCRIPT_SANDBOXING = YES;
				GCC_C_LANGUAGE_STANDARD = gnu17;
				GCC_DYNAMIC_NO_PIC = NO;
				GCC_NO_COMMON_BLOCKS = YES;
				GCC_OPTIMIZATION_LEVEL = 0;
				GCC_PREPROCESSOR_DEFINITIONS = (
					"DEBUG=1",
					"$(inherited)",
				);
				GCC_WARN_64_TO_32_BIT_CONVERSION = YES;
				GCC_WARN_ABOUT_RETURN_TYPE = YES_ERROR;
				GCC_WARN_UNDECLARED_SELECTOR = YES;
				GCC_WARN_UNINITIALIZED_AUTOS = YES_AGGRESSIVE;
				GCC_WARN_UNUSED_FUNCTION = YES;
				GCC_WARN_UNUSED_VARIABLE = YES;
				IPHONEOS_DEPLOYMENT_TARGET = 18.0;
				LOCALIZATION_PREFERS_STRING_CATALOGS = YES;
				MTL_ENABLE_DEBUG_INFO = INCLUDE_SOURCE;
				MTL_FAST_MATH = YES;
				ONLY_ACTIVE_ARCH = YES;
				SDKROOT = iphoneos;
				SWIFT_ACTIVE_COMPILATION_CONDITIONS = "DEBUG $(inherited)";
				SWIFT_OPTIMIZATION_LEVEL = "-Onone";
			};
			name = Debug;
		};
		93AAD86B2CB264CF00F7F5FB /* Release */ = {
			isa = XCBuildConfiguration;
			buildSettings = {
				ALWAYS_SEARCH_USER_PATHS = NO;
				ASSETCATALOG_COMPILER_GENERATE_SWIFT_ASSET_SYMBOL_EXTENSIONS = YES;
				CLANG_ANALYZER_NONNULL = YES;
				CLANG_ANALYZER_NUMBER_OBJECT_CONVERSION = YES_AGGRESSIVE;
				CLANG_CXX_LANGUAGE_STANDARD = "gnu++20";
				CLANG_ENABLE_MODULES = YES;
				CLANG_ENABLE_OBJC_ARC = YES;
				CLANG_ENABLE_OBJC_WEAK = YES;
				CLANG_WARN_BLOCK_CAPTURE_AUTORELEASING = YES;
				CLANG_WARN_BOOL_CONVERSION = YES;
				CLANG_WARN_COMMA = YES;
				CLANG_WARN_CONSTANT_CONVERSION = YES;
				CLANG_WARN_DEPRECATED_OBJC_IMPLEMENTATIONS = YES;
				CLANG_WARN_DIRECT_OBJC_ISA_USAGE = YES_ERROR;
				CLANG_WARN_DOCUMENTATION_COMMENTS = YES;
				CLANG_WARN_EMPTY_BODY = YES;
				CLANG_WARN_ENUM_CONVERSION = YES;
				CLANG_WARN_INFINITE_RECURSION = YES;
				CLANG_WARN_INT_CONVERSION = YES;
				CLANG_WARN_NON_LITERAL_NULL_CONVERSION = YES;
				CLANG_WARN_OBJC_IMPLICIT_RETAIN_SELF = YES;
				CLANG_WARN_OBJC_LITERAL_CONVERSION = YES;
				CLANG_WARN_OBJC_ROOT_CLASS = YES_ERROR;
				CLANG_WARN_QUOTED_INCLUDE_IN_FRAMEWORK_HEADER = YES;
				CLANG_WARN_RANGE_LOOP_ANALYSIS = YES;
				CLANG_WARN_STRICT_PROTOTYPES = YES;
				CLANG_WARN_SUSPICIOUS_MOVE = YES;
				CLANG_WARN_UNGUARDED_AVAILABILITY = YES_AGGRESSIVE;
				CLANG_WARN_UNREACHABLE_CODE = YES;
				CLANG_WARN__DUPLICATE_METHOD_MATCH = YES;
				COPY_PHASE_STRIP = NO;
				DEBUG_INFORMATION_FORMAT = "dwarf-with-dsym";
				ENABLE_NS_ASSERTIONS = NO;
				ENABLE_STRICT_OBJC_MSGSEND = YES;
				ENABLE_USER_SCRIPT_SANDBOXING = YES;
				GCC_C_LANGUAGE_STANDARD = gnu17;
				GCC_NO_COMMON_BLOCKS = YES;
				GCC_WARN_64_TO_32_BIT_CONVERSION = YES;
				GCC_WARN_ABOUT_RETURN_TYPE = YES_ERROR;
				GCC_WARN_UNDECLARED_SELECTOR = YES;
				GCC_WARN_UNINITIALIZED_AUTOS = YES_AGGRESSIVE;
				GCC_WARN_UNUSED_FUNCTION = YES;
				GCC_WARN_UNUSED_VARIABLE = YES;
				IPHONEOS_DEPLOYMENT_TARGET = 18.0;
				LOCALIZATION_PREFERS_STRING_CATALOGS = YES;
				MTL_ENABLE_DEBUG_INFO = NO;
				MTL_FAST_MATH = YES;
				SDKROOT = iphoneos;
				SWIFT_COMPILATION_MODE = wholemodule;
				VALIDATE_PRODUCT = YES;
			};
			name = Release;
		};
		93AAD86D2CB264CF00F7F5FB /* Debug */ = {
			isa = XCBuildConfiguration;
			buildSettings = {
				ASSETCATALOG_COMPILER_APPICON_NAME = AppIcon;
				ASSETCATALOG_COMPILER_GLOBAL_ACCENT_COLOR_NAME = AccentColor;
				CODE_SIGN_STYLE = Automatic;
				CURRENT_PROJECT_VERSION = 1;
				DEVELOPMENT_ASSET_PATHS = "\"Brewers/Preview Content\"";
				DEVELOPMENT_TEAM = FVR2K32Y6M;
				ENABLE_PREVIEWS = YES;
				GENERATE_INFOPLIST_FILE = YES;
				INFOPLIST_KEY_UIApplicationSceneManifest_Generation = YES;
				INFOPLIST_KEY_UIApplicationSupportsIndirectInputEvents = YES;
				INFOPLIST_KEY_UILaunchScreen_Generation = YES;
				INFOPLIST_KEY_UISupportedInterfaceOrientations_iPad = "UIInterfaceOrientationPortrait UIInterfaceOrientationPortraitUpsideDown UIInterfaceOrientationLandscapeLeft UIInterfaceOrientationLandscapeRight";
				INFOPLIST_KEY_UISupportedInterfaceOrientations_iPhone = "UIInterfaceOrientationPortrait UIInterfaceOrientationLandscapeLeft UIInterfaceOrientationLandscapeRight";
				LD_RUNPATH_SEARCH_PATHS = (
					"$(inherited)",
					"@executable_path/Frameworks",
				);
				MARKETING_VERSION = 1.0;
				PRODUCT_BUNDLE_IDENTIFIER = makondo.Brewers;
				PRODUCT_NAME = "$(TARGET_NAME)";
				SWIFT_EMIT_LOC_STRINGS = YES;
				SWIFT_VERSION = 5.0;
				TARGETED_DEVICE_FAMILY = "1,2";
			};
			name = Debug;
		};
		93AAD86E2CB264CF00F7F5FB /* Release */ = {
			isa = XCBuildConfiguration;
			buildSettings = {
				ASSETCATALOG_COMPILER_APPICON_NAME = AppIcon;
				ASSETCATALOG_COMPILER_GLOBAL_ACCENT_COLOR_NAME = AccentColor;
				CODE_SIGN_STYLE = Automatic;
				CURRENT_PROJECT_VERSION = 1;
				DEVELOPMENT_ASSET_PATHS = "\"Brewers/Preview Content\"";
				DEVELOPMENT_TEAM = FVR2K32Y6M;
				ENABLE_PREVIEWS = YES;
				GENERATE_INFOPLIST_FILE = YES;
				INFOPLIST_KEY_UIApplicationSceneManifest_Generation = YES;
				INFOPLIST_KEY_UIApplicationSupportsIndirectInputEvents = YES;
				INFOPLIST_KEY_UILaunchScreen_Generation = YES;
				INFOPLIST_KEY_UISupportedInterfaceOrientations_iPad = "UIInterfaceOrientationPortrait UIInterfaceOrientationPortraitUpsideDown UIInterfaceOrientationLandscapeLeft UIInterfaceOrientationLandscapeRight";
				INFOPLIST_KEY_UISupportedInterfaceOrientations_iPhone = "UIInterfaceOrientationPortrait UIInterfaceOrientationLandscapeLeft UIInterfaceOrientationLandscapeRight";
				LD_RUNPATH_SEARCH_PATHS = (
					"$(inherited)",
					"@executable_path/Frameworks",
				);
				MARKETING_VERSION = 1.0;
				PRODUCT_BUNDLE_IDENTIFIER = makondo.Brewers;
				PRODUCT_NAME = "$(TARGET_NAME)";
				SWIFT_EMIT_LOC_STRINGS = YES;
				SWIFT_VERSION = 5.0;
				TARGETED_DEVICE_FAMILY = "1,2";
			};
			name = Release;
		};
		93AAD8702CB264CF00F7F5FB /* Debug */ = {
			isa = XCBuildConfiguration;
			buildSettings = {
				BUNDLE_LOADER = "$(TEST_HOST)";
				CODE_SIGN_STYLE = Automatic;
				CURRENT_PROJECT_VERSION = 1;
				DEVELOPMENT_TEAM = FVR2K32Y6M;
				GENERATE_INFOPLIST_FILE = YES;
				IPHONEOS_DEPLOYMENT_TARGET = 18.0;
				MARKETING_VERSION = 1.0;
				PRODUCT_BUNDLE_IDENTIFIER = makondo.BrewersTests;
				PRODUCT_NAME = "$(TARGET_NAME)";
				SWIFT_EMIT_LOC_STRINGS = NO;
				SWIFT_VERSION = 5.0;
				TARGETED_DEVICE_FAMILY = "1,2";
				TEST_HOST = "$(BUILT_PRODUCTS_DIR)/Brewers.app/$(BUNDLE_EXECUTABLE_FOLDER_PATH)/Brewers";
			};
			name = Debug;
		};
		93AAD8712CB264CF00F7F5FB /* Release */ = {
			isa = XCBuildConfiguration;
			buildSettings = {
				BUNDLE_LOADER = "$(TEST_HOST)";
				CODE_SIGN_STYLE = Automatic;
				CURRENT_PROJECT_VERSION = 1;
				DEVELOPMENT_TEAM = FVR2K32Y6M;
				GENERATE_INFOPLIST_FILE = YES;
				IPHONEOS_DEPLOYMENT_TARGET = 18.0;
				MARKETING_VERSION = 1.0;
				PRODUCT_BUNDLE_IDENTIFIER = makondo.BrewersTests;
				PRODUCT_NAME = "$(TARGET_NAME)";
				SWIFT_EMIT_LOC_STRINGS = NO;
				SWIFT_VERSION = 5.0;
				TARGETED_DEVICE_FAMILY = "1,2";
				TEST_HOST = "$(BUILT_PRODUCTS_DIR)/Brewers.app/$(BUNDLE_EXECUTABLE_FOLDER_PATH)/Brewers";
			};
			name = Release;
		};
		93AAD8732CB264CF00F7F5FB /* Debug */ = {
			isa = XCBuildConfiguration;
			buildSettings = {
				CODE_SIGN_STYLE = Automatic;
				CURRENT_PROJECT_VERSION = 1;
				DEVELOPMENT_TEAM = FVR2K32Y6M;
				GENERATE_INFOPLIST_FILE = YES;
				MARKETING_VERSION = 1.0;
				PRODUCT_BUNDLE_IDENTIFIER = makondo.BrewersUITests;
				PRODUCT_NAME = "$(TARGET_NAME)";
				SWIFT_EMIT_LOC_STRINGS = NO;
				SWIFT_VERSION = 5.0;
				TARGETED_DEVICE_FAMILY = "1,2";
				TEST_TARGET_NAME = Brewers;
			};
			name = Debug;
		};
		93AAD8742CB264CF00F7F5FB /* Release */ = {
			isa = XCBuildConfiguration;
			buildSettings = {
				CODE_SIGN_STYLE = Automatic;
				CURRENT_PROJECT_VERSION = 1;
				DEVELOPMENT_TEAM = FVR2K32Y6M;
				GENERATE_INFOPLIST_FILE = YES;
				MARKETING_VERSION = 1.0;
				PRODUCT_BUNDLE_IDENTIFIER = makondo.BrewersUITests;
				PRODUCT_NAME = "$(TARGET_NAME)";
				SWIFT_EMIT_LOC_STRINGS = NO;
				SWIFT_VERSION = 5.0;
				TARGETED_DEVICE_FAMILY = "1,2";
				TEST_TARGET_NAME = Brewers;
			};
			name = Release;
		};
/* End XCBuildConfiguration section */

/* Begin XCConfigurationList section */
		93AAD8432CB264CD00F7F5FB /* Build configuration list for PBXProject "Brewers" */ = {
			isa = XCConfigurationList;
			buildConfigurations = (
				93AAD86A2CB264CF00F7F5FB /* Debug */,
				93AAD86B2CB264CF00F7F5FB /* Release */,
			);
			defaultConfigurationIsVisible = 0;
			defaultConfigurationName = Release;
		};
		93AAD86C2CB264CF00F7F5FB /* Build configuration list for PBXNativeTarget "Brewers" */ = {
			isa = XCConfigurationList;
			buildConfigurations = (
				93AAD86D2CB264CF00F7F5FB /* Debug */,
				93AAD86E2CB264CF00F7F5FB /* Release */,
			);
			defaultConfigurationIsVisible = 0;
			defaultConfigurationName = Release;
		};
		93AAD86F2CB264CF00F7F5FB /* Build configuration list for PBXNativeTarget "BrewersTests" */ = {
			isa = XCConfigurationList;
			buildConfigurations = (
				93AAD8702CB264CF00F7F5FB /* Debug */,
				93AAD8712CB264CF00F7F5FB /* Release */,
			);
			defaultConfigurationIsVisible = 0;
			defaultConfigurationName = Release;
		};
		93AAD8722CB264CF00F7F5FB /* Build configuration list for PBXNativeTarget "BrewersUITests" */ = {
			isa = XCConfigurationList;
			buildConfigurations = (
				93AAD8732CB264CF00F7F5FB /* Debug */,
				93AAD8742CB264CF00F7F5FB /* Release */,
			);
			defaultConfigurationIsVisible = 0;
			defaultConfigurationName = Release;
		};
/* End XCConfigurationList section */
	};
	rootObject = 93AAD8402CB264CD00F7F5FB /* Project object */;
}
